
Microsoft Visual Studio Solution File, Format Version 12.00
# Visual Studio Version 17
VisualStudioVersion = 17.3.32929.385
MinimumVisualStudioVersion = 10.0.40219.1
Project("{FAE04EC0-301F-11D3-BF4B-00C04F79EFBC}") = "TimeRecorder.Android", "TimeRecorder\TimeRecorder.Android\TimeRecorder.Android.csproj", "{71389A12-1D1A-4D8B-A849-86D1C029AE51}"
EndProject
Project("{FAE04EC0-301F-11D3-BF4B-00C04F79EFBC}") = "TimeRecorder.iOS", "TimeRecorder\TimeRecorder.iOS\TimeRecorder.iOS.csproj", "{FA480BB1-E0C6-4A29-838C-70B897D2F2ED}"
EndProject
Project("{FAE04EC0-301F-11D3-BF4B-00C04F79EFBC}") = "TimeRecorder", "TimeRecorder\TimeRecorder\TimeRecorder.csproj", "{453523A0-E01C-4942-A55C-5E559A529679}"
EndProject
Global
	GlobalSection(SolutionConfigurationPlatforms) = preSolution
		Debug|Any CPU = Debug|Any CPU
		Debug|iPhone = Debug|iPhone
		Debug|iPhoneSimulator = Debug|iPhoneSimulator
		Release|Any CPU = Release|Any CPU
		Release|iPhone = Release|iPhone
		Release|iPhoneSimulator = Release|iPhoneSimulator
	EndGlobalSection
	GlobalSection(ProjectConfigurationPlatforms) = postSolution
		{71389A12-1D1A-4D8B-A849-86D1C029AE51}.Debug|Any CPU.ActiveCfg = Debug|Any CPU
		{71389A12-1D1A-4D8B-A849-86D1C029AE51}.Debug|Any CPU.Build.0 = Debug|Any CPU
		{71389A12-1D1A-4D8B-A849-86D1C029AE51}.Debug|Any CPU.Deploy.0 = Debug|Any CPU
		{71389A12-1D1A-4D8B-A849-86D1C029AE51}.Debug|iPhone.ActiveCfg = Debug|Any CPU
		{71389A12-1D1A-4D8B-A849-86D1C029AE51}.Debug|iPhone.Build.0 = Debug|Any CPU
		{71389A12-1D1A-4D8B-A849-86D1C029AE51}.Debug|iPhone.Deploy.0 = Debug|Any CPU
		{71389A12-1D1A-4D8B-A849-86D1C029AE51}.Debug|iPhoneSimulator.ActiveCfg = Debug|Any CPU
		{71389A12-1D1A-4D8B-A849-86D1C029AE51}.Debug|iPhoneSimulator.Build.0 = Debug|Any CPU
		{71389A12-1D1A-4D8B-A849-86D1C029AE51}.Debug|iPhoneSimulator.Deploy.0 = Debug|Any CPU
		{71389A12-1D1A-4D8B-A849-86D1C029AE51}.Release|Any CPU.ActiveCfg = Release|Any CPU
		{71389A12-1D1A-4D8B-A849-86D1C029AE51}.Release|Any CPU.Build.0 = Release|Any CPU
		{71389A12-1D1A-4D8B-A849-86D1C029AE51}.Release|Any CPU.Deploy.0 = Release|Any CPU
		{71389A12-1D1A-4D8B-A849-86D1C029AE51}.Release|iPhone.ActiveCfg = Release|Any CPU
		{71389A12-1D1A-4D8B-A849-86D1C029AE51}.Release|iPhone.Build.0 = Release|Any CPU
		{71389A12-1D1A-4D8B-A849-86D1C029AE51}.Release|iPhone.Deploy.0 = Release|Any CPU
		{71389A12-1D1A-4D8B-A849-86D1C029AE51}.Release|iPhoneSimulator.ActiveCfg = Release|Any CPU
		{71389A12-1D1A-4D8B-A849-86D1C029AE51}.Release|iPhoneSimulator.Build.0 = Release|Any CPU
		{71389A12-1D1A-4D8B-A849-86D1C029AE51}.Release|iPhoneSimulator.Deploy.0 = Release|Any CPU
		{FA480BB1-E0C6-4A29-838C-70B897D2F2ED}.Debug|Any CPU.ActiveCfg = Debug|iPhone
		{FA480BB1-E0C6-4A29-838C-70B897D2F2ED}.Debug|Any CPU.Build.0 = Debug|iPhone
		{FA480BB1-E0C6-4A29-838C-70B897D2F2ED}.Debug|Any CPU.Deploy.0 = Debug|iPhone
		{FA480BB1-E0C6-4A29-838C-70B897D2F2ED}.Debug|iPhone.ActiveCfg = Debug|iPhone
		{FA480BB1-E0C6-4A29-838C-70B897D2F2ED}.Debug|iPhone.Build.0 = Debug|iPhone
		{FA480BB1-E0C6-4A29-838C-70B897D2F2ED}.Debug|iPhone.Deploy.0 = Debug|iPhone
		{FA480BB1-E0C6-4A29-838C-70B897D2F2ED}.Debug|iPhoneSimulator.ActiveCfg = Debug|iPhoneSimulator
		{FA480BB1-E0C6-4A29-838C-70B897D2F2ED}.Debug|iPhoneSimulator.Build.0 = Debug|iPhoneSimulator
		{FA480BB1-E0C6-4A29-838C-70B897D2F2ED}.Debug|iPhoneSimulator.Deploy.0 = Debug|iPhoneSimulator
		{FA480BB1-E0C6-4A29-838C-70B897D2F2ED}.Release|Any CPU.ActiveCfg = Release|iPhoneSimulator
		{FA480BB1-E0C6-4A29-838C-70B897D2F2ED}.Release|Any CPU.Build.0 = Release|iPhoneSimulator
		{FA480BB1-E0C6-4A29-838C-70B897D2F2ED}.Release|Any CPU.Deploy.0 = Release|iPhoneSimulator
		{FA480BB1-E0C6-4A29-838C-70B897D2F2ED}.Release|iPhone.ActiveCfg = Release|iPhone
		{FA480BB1-E0C6-4A29-838C-70B897D2F2ED}.Release|iPhone.Build.0 = Release|iPhone
		{FA480BB1-E0C6-4A29-838C-70B897D2F2ED}.Release|iPhone.Deploy.0 = Release|iPhone
		{FA480BB1-E0C6-4A29-838C-70B897D2F2ED}.Release|iPhoneSimulator.ActiveCfg = Release|iPhoneSimulator
		{FA480BB1-E0C6-4A29-838C-70B897D2F2ED}.Release|iPhoneSimulator.Build.0 = Release|iPhoneSimulator
		{FA480BB1-E0C6-4A29-838C-70B897D2F2ED}.Release|iPhoneSimulator.Deploy.0 = Release|iPhoneSimulator
		{453523A0-E01C-4942-A55C-5E559A529679}.Debug|Any CPU.ActiveCfg = Debug|Any CPU
		{453523A0-E01C-4942-A55C-5E559A529679}.Debug|Any CPU.Build.0 = Debug|Any CPU
		{453523A0-E01C-4942-A55C-5E559A529679}.Debug|Any CPU.Deploy.0 = Debug|Any CPU
		{453523A0-E01C-4942-A55C-5E559A529679}.Debug|iPhone.ActiveCfg = Debug|Any CPU
		{453523A0-E01C-4942-A55C-5E559A529679}.Debug|iPhone.Build.0 = Debug|Any CPU
		{453523A0-E01C-4942-A55C-5E559A529679}.Debug|iPhone.Deploy.0 = Debug|Any CPU
		{453523A0-E01C-4942-A55C-5E559A529679}.Debug|iPhoneSimulator.ActiveCfg = Debug|Any CPU
		{453523A0-E01C-4942-A55C-5E559A529679}.Debug|iPhoneSimulator.Build.0 = Debug|Any CPU
		{453523A0-E01C-4942-A55C-5E559A529679}.Debug|iPhoneSimulator.Deploy.0 = Debug|Any CPU
		{453523A0-E01C-4942-A55C-5E559A529679}.Release|Any CPU.ActiveCfg = Release|Any CPU
		{453523A0-E01C-4942-A55C-5E559A529679}.Release|Any CPU.Build.0 = Release|Any CPU
		{453523A0-E01C-4942-A55C-5E559A529679}.Release|Any CPU.Deploy.0 = Release|Any CPU
		{453523A0-E01C-4942-A55C-5E559A529679}.Release|iPhone.ActiveCfg = Release|Any CPU
		{453523A0-E01C-4942-A55C-5E559A529679}.Release|iPhone.Build.0 = Release|Any CPU
		{453523A0-E01C-4942-A55C-5E559A529679}.Release|iPhone.Deploy.0 = Release|Any CPU
		{453523A0-E01C-4942-A55C-5E559A529679}.Release|iPhoneSimulator.ActiveCfg = Release|Any CPU
		{453523A0-E01C-4942-A55C-5E559A529679}.Release|iPhoneSimulator.Build.0 = Release|Any CPU
		{453523A0-E01C-4942-A55C-5E559A529679}.Release|iPhoneSimulator.Deploy.0 = Release|Any CPU
	EndGlobalSection
	GlobalSection(SolutionProperties) = preSolution
		HideSolutionNode = FALSE
	EndGlobalSection
	GlobalSection(ExtensibilityGlobals) = postSolution
		SolutionGuid = {E967C8BB-CCF6-4197-A63F-1866C3A29944}
	EndGlobalSection
EndGlobal
