
Microsoft Visual Studio Solution File, Format Version 12.00
# Visual Studio Version 17
VisualStudioVersion = 17.0.31912.275
MinimumVisualStudioVersion = 10.0.40219.1
Project("{FAE04EC0-301F-11D3-BF4B-00C04F79EFBC}") = "lacodificil", "lacodificil\lacodificil.csproj", "{6980E665-DBF6-4754-B9D9-AB26E2A60A3A}"
EndProject
Global
	GlobalSection(SolutionConfigurationPlatforms) = preSolution
		Debug|Any CPU = Debug|Any CPU
		Release|Any CPU = Release|Any CPU
	EndGlobalSection
	GlobalSection(ProjectConfigurationPlatforms) = postSolution
		{6980E665-DBF6-4754-B9D9-AB26E2A60A3A}.Debug|Any CPU.ActiveCfg = Debug|Any CPU
		{6980E665-DBF6-4754-B9D9-AB26E2A60A3A}.Debug|Any CPU.Build.0 = Debug|Any CPU
		{6980E665-DBF6-4754-B9D9-AB26E2A60A3A}.Release|Any CPU.ActiveCfg = Release|Any CPU
		{6980E665-DBF6-4754-B9D9-AB26E2A60A3A}.Release|Any CPU.Build.0 = Release|Any CPU
	EndGlobalSection
	GlobalSection(SolutionProperties) = preSolution
		HideSolutionNode = FALSE
	EndGlobalSection
	GlobalSection(ExtensibilityGlobals) = postSolution
		SolutionGuid = {88419929-7E6F-4B1B-8C3F-E347DF32A51C}
	EndGlobalSection
EndGlobal
