
Microsoft Visual Studio Solution File, Format Version 12.00
# Visual Studio Version 17
VisualStudioVersion = 17.0.31912.275
MinimumVisualStudioVersion = 10.0.40219.1
Project("{FAE04EC0-301F-11D3-BF4B-00C04F79EFBC}") = "exercicioClasse", "exercicioClasse\exercicioClasse.csproj", "{61093C70-CBC9-408D-A344-EFB048E7E3B1}"
EndProject
Global
	GlobalSection(SolutionConfigurationPlatforms) = preSolution
		Debug|Any CPU = Debug|Any CPU
		Release|Any CPU = Release|Any CPU
	EndGlobalSection
	GlobalSection(ProjectConfigurationPlatforms) = postSolution
		{61093C70-CBC9-408D-A344-EFB048E7E3B1}.Debug|Any CPU.ActiveCfg = Debug|Any CPU
		{61093C70-CBC9-408D-A344-EFB048E7E3B1}.Debug|Any CPU.Build.0 = Debug|Any CPU
		{61093C70-CBC9-408D-A344-EFB048E7E3B1}.Release|Any CPU.ActiveCfg = Release|Any CPU
		{61093C70-CBC9-408D-A344-EFB048E7E3B1}.Release|Any CPU.Build.0 = Release|Any CPU
	EndGlobalSection
	GlobalSection(SolutionProperties) = preSolution
		HideSolutionNode = FALSE
	EndGlobalSection
	GlobalSection(ExtensibilityGlobals) = postSolution
		SolutionGuid = {0FA522D9-5771-48F2-81BA-65E6EEC61D87}
	EndGlobalSection
EndGlobal
