
Microsoft Visual Studio Solution File, Format Version 12.00
# Visual Studio Version 17
VisualStudioVersion = 17.0.31912.275
MinimumVisualStudioVersion = 10.0.40219.1
Project("{FAE04EC0-301F-11D3-BF4B-00C04F79EFBC}") = "ExercicioDesvoCondicional", "ExercicioDesvoCondicional\ExercicioDesvoCondicional.csproj", "{A249E683-D638-4453-9BE6-1D4E91E09AF4}"
EndProject
Global
	GlobalSection(SolutionConfigurationPlatforms) = preSolution
		Debug|Any CPU = Debug|Any CPU
		Release|Any CPU = Release|Any CPU
	EndGlobalSection
	GlobalSection(ProjectConfigurationPlatforms) = postSolution
		{A249E683-D638-4453-9BE6-1D4E91E09AF4}.Debug|Any CPU.ActiveCfg = Debug|Any CPU
		{A249E683-D638-4453-9BE6-1D4E91E09AF4}.Debug|Any CPU.Build.0 = Debug|Any CPU
		{A249E683-D638-4453-9BE6-1D4E91E09AF4}.Release|Any CPU.ActiveCfg = Release|Any CPU
		{A249E683-D638-4453-9BE6-1D4E91E09AF4}.Release|Any CPU.Build.0 = Release|Any CPU
	EndGlobalSection
	GlobalSection(SolutionProperties) = preSolution
		HideSolutionNode = FALSE
	EndGlobalSection
	GlobalSection(ExtensibilityGlobals) = postSolution
		SolutionGuid = {6DF5853D-E03B-413D-8C12-D46F1611A2B0}
	EndGlobalSection
EndGlobal
