
Microsoft Visual Studio Solution File, Format Version 12.00
# Visual Studio Version 17
VisualStudioVersion = 17.3.32929.385
MinimumVisualStudioVersion = 10.0.40219.1
Project("{FAE04EC0-301F-11D3-BF4B-00C04F79EFBC}") = "PomodoroApp.Android", "PomodoroApp\PomodoroApp.Android\PomodoroApp.Android.csproj", "{83EA37DE-28DF-4311-8A38-9656349F7690}"
EndProject
Project("{FAE04EC0-301F-11D3-BF4B-00C04F79EFBC}") = "PomodoroApp.iOS", "PomodoroApp\PomodoroApp.iOS\PomodoroApp.iOS.csproj", "{DE264145-563C-48DD-9E4D-57D6322C59C6}"
EndProject
Project("{FAE04EC0-301F-11D3-BF4B-00C04F79EFBC}") = "PomodoroApp", "PomodoroApp\PomodoroApp\PomodoroApp.csproj", "{479DC0F1-041F-4E4B-BAB8-03FD841EB3D0}"
EndProject
Global
	GlobalSection(SolutionConfigurationPlatforms) = preSolution
		Debug|Any CPU = Debug|Any CPU
		Debug|iPhone = Debug|iPhone
		Debug|iPhoneSimulator = Debug|iPhoneSimulator
		Release|Any CPU = Release|Any CPU
		Release|iPhone = Release|iPhone
		Release|iPhoneSimulator = Release|iPhoneSimulator
	EndGlobalSection
	GlobalSection(ProjectConfigurationPlatforms) = postSolution
		{83EA37DE-28DF-4311-8A38-9656349F7690}.Debug|Any CPU.ActiveCfg = Debug|Any CPU
		{83EA37DE-28DF-4311-8A38-9656349F7690}.Debug|Any CPU.Build.0 = Debug|Any CPU
		{83EA37DE-28DF-4311-8A38-9656349F7690}.Debug|Any CPU.Deploy.0 = Debug|Any CPU
		{83EA37DE-28DF-4311-8A38-9656349F7690}.Debug|iPhone.ActiveCfg = Debug|Any CPU
		{83EA37DE-28DF-4311-8A38-9656349F7690}.Debug|iPhone.Build.0 = Debug|Any CPU
		{83EA37DE-28DF-4311-8A38-9656349F7690}.Debug|iPhone.Deploy.0 = Debug|Any CPU
		{83EA37DE-28DF-4311-8A38-9656349F7690}.Debug|iPhoneSimulator.ActiveCfg = Debug|Any CPU
		{83EA37DE-28DF-4311-8A38-9656349F7690}.Debug|iPhoneSimulator.Build.0 = Debug|Any CPU
		{83EA37DE-28DF-4311-8A38-9656349F7690}.Debug|iPhoneSimulator.Deploy.0 = Debug|Any CPU
		{83EA37DE-28DF-4311-8A38-9656349F7690}.Release|Any CPU.ActiveCfg = Release|Any CPU
		{83EA37DE-28DF-4311-8A38-9656349F7690}.Release|Any CPU.Build.0 = Release|Any CPU
		{83EA37DE-28DF-4311-8A38-9656349F7690}.Release|Any CPU.Deploy.0 = Release|Any CPU
		{83EA37DE-28DF-4311-8A38-9656349F7690}.Release|iPhone.ActiveCfg = Release|Any CPU
		{83EA37DE-28DF-4311-8A38-9656349F7690}.Release|iPhone.Build.0 = Release|Any CPU
		{83EA37DE-28DF-4311-8A38-9656349F7690}.Release|iPhone.Deploy.0 = Release|Any CPU
		{83EA37DE-28DF-4311-8A38-9656349F7690}.Release|iPhoneSimulator.ActiveCfg = Release|Any CPU
		{83EA37DE-28DF-4311-8A38-9656349F7690}.Release|iPhoneSimulator.Build.0 = Release|Any CPU
		{83EA37DE-28DF-4311-8A38-9656349F7690}.Release|iPhoneSimulator.Deploy.0 = Release|Any CPU
		{DE264145-563C-48DD-9E4D-57D6322C59C6}.Debug|Any CPU.ActiveCfg = Debug|iPhone
		{DE264145-563C-48DD-9E4D-57D6322C59C6}.Debug|Any CPU.Build.0 = Debug|iPhone
		{DE264145-563C-48DD-9E4D-57D6322C59C6}.Debug|Any CPU.Deploy.0 = Debug|iPhone
		{DE264145-563C-48DD-9E4D-57D6322C59C6}.Debug|iPhone.ActiveCfg = Debug|iPhone
		{DE264145-563C-48DD-9E4D-57D6322C59C6}.Debug|iPhone.Build.0 = Debug|iPhone
		{DE264145-563C-48DD-9E4D-57D6322C59C6}.Debug|iPhone.Deploy.0 = Debug|iPhone
		{DE264145-563C-48DD-9E4D-57D6322C59C6}.Debug|iPhoneSimulator.ActiveCfg = Debug|iPhoneSimulator
		{DE264145-563C-48DD-9E4D-57D6322C59C6}.Debug|iPhoneSimulator.Build.0 = Debug|iPhoneSimulator
		{DE264145-563C-48DD-9E4D-57D6322C59C6}.Debug|iPhoneSimulator.Deploy.0 = Debug|iPhoneSimulator
		{DE264145-563C-48DD-9E4D-57D6322C59C6}.Release|Any CPU.ActiveCfg = Release|iPhoneSimulator
		{DE264145-563C-48DD-9E4D-57D6322C59C6}.Release|Any CPU.Build.0 = Release|iPhoneSimulator
		{DE264145-563C-48DD-9E4D-57D6322C59C6}.Release|Any CPU.Deploy.0 = Release|iPhoneSimulator
		{DE264145-563C-48DD-9E4D-57D6322C59C6}.Release|iPhone.ActiveCfg = Release|iPhone
		{DE264145-563C-48DD-9E4D-57D6322C59C6}.Release|iPhone.Build.0 = Release|iPhone
		{DE264145-563C-48DD-9E4D-57D6322C59C6}.Release|iPhone.Deploy.0 = Release|iPhone
		{DE264145-563C-48DD-9E4D-57D6322C59C6}.Release|iPhoneSimulator.ActiveCfg = Release|iPhoneSimulator
		{DE264145-563C-48DD-9E4D-57D6322C59C6}.Release|iPhoneSimulator.Build.0 = Release|iPhoneSimulator
		{DE264145-563C-48DD-9E4D-57D6322C59C6}.Release|iPhoneSimulator.Deploy.0 = Release|iPhoneSimulator
		{479DC0F1-041F-4E4B-BAB8-03FD841EB3D0}.Debug|Any CPU.ActiveCfg = Debug|Any CPU
		{479DC0F1-041F-4E4B-BAB8-03FD841EB3D0}.Debug|Any CPU.Build.0 = Debug|Any CPU
		{479DC0F1-041F-4E4B-BAB8-03FD841EB3D0}.Debug|Any CPU.Deploy.0 = Debug|Any CPU
		{479DC0F1-041F-4E4B-BAB8-03FD841EB3D0}.Debug|iPhone.ActiveCfg = Debug|Any CPU
		{479DC0F1-041F-4E4B-BAB8-03FD841EB3D0}.Debug|iPhone.Build.0 = Debug|Any CPU
		{479DC0F1-041F-4E4B-BAB8-03FD841EB3D0}.Debug|iPhone.Deploy.0 = Debug|Any CPU
		{479DC0F1-041F-4E4B-BAB8-03FD841EB3D0}.Debug|iPhoneSimulator.ActiveCfg = Debug|Any CPU
		{479DC0F1-041F-4E4B-BAB8-03FD841EB3D0}.Debug|iPhoneSimulator.Build.0 = Debug|Any CPU
		{479DC0F1-041F-4E4B-BAB8-03FD841EB3D0}.Debug|iPhoneSimulator.Deploy.0 = Debug|Any CPU
		{479DC0F1-041F-4E4B-BAB8-03FD841EB3D0}.Release|Any CPU.ActiveCfg = Release|Any CPU
		{479DC0F1-041F-4E4B-BAB8-03FD841EB3D0}.Release|Any CPU.Build.0 = Release|Any CPU
		{479DC0F1-041F-4E4B-BAB8-03FD841EB3D0}.Release|Any CPU.Deploy.0 = Release|Any CPU
		{479DC0F1-041F-4E4B-BAB8-03FD841EB3D0}.Release|iPhone.ActiveCfg = Release|Any CPU
		{479DC0F1-041F-4E4B-BAB8-03FD841EB3D0}.Release|iPhone.Build.0 = Release|Any CPU
		{479DC0F1-041F-4E4B-BAB8-03FD841EB3D0}.Release|iPhone.Deploy.0 = Release|Any CPU
		{479DC0F1-041F-4E4B-BAB8-03FD841EB3D0}.Release|iPhoneSimulator.ActiveCfg = Release|Any CPU
		{479DC0F1-041F-4E4B-BAB8-03FD841EB3D0}.Release|iPhoneSimulator.Build.0 = Release|Any CPU
		{479DC0F1-041F-4E4B-BAB8-03FD841EB3D0}.Release|iPhoneSimulator.Deploy.0 = Release|Any CPU
	EndGlobalSection
	GlobalSection(SolutionProperties) = preSolution
		HideSolutionNode = FALSE
	EndGlobalSection
	GlobalSection(ExtensibilityGlobals) = postSolution
		SolutionGuid = {2E541A5A-3255-4384-AED6-5D5104FB4454}
	EndGlobalSection
EndGlobal
