
Microsoft Visual Studio Solution File, Format Version 12.00
# Visual Studio Version 17
VisualStudioVersion = 17.3.32825.248
MinimumVisualStudioVersion = 10.0.40219.1
Project("{FAE04EC0-301F-11D3-BF4B-00C04F79EFBC}") = "Class01", "Class01\Class01.csproj", "{FDE3BB44-885A-4871-90CA-1F68EB44AAC5}"
EndProject
Global
	GlobalSection(SolutionConfigurationPlatforms) = preSolution
		Debug|Any CPU = Debug|Any CPU
		Release|Any CPU = Release|Any CPU
	EndGlobalSection
	GlobalSection(ProjectConfigurationPlatforms) = postSolution
		{FDE3BB44-885A-4871-90CA-1F68EB44AAC5}.Debug|Any CPU.ActiveCfg = Debug|Any CPU
		{FDE3BB44-885A-4871-90CA-1F68EB44AAC5}.Debug|Any CPU.Build.0 = Debug|Any CPU
		{FDE3BB44-885A-4871-90CA-1F68EB44AAC5}.Release|Any CPU.ActiveCfg = Release|Any CPU
		{FDE3BB44-885A-4871-90CA-1F68EB44AAC5}.Release|Any CPU.Build.0 = Release|Any CPU
	EndGlobalSection
	GlobalSection(SolutionProperties) = preSolution
		HideSolutionNode = FALSE
	EndGlobalSection
	GlobalSection(ExtensibilityGlobals) = postSolution
		SolutionGuid = {F2D1285D-A1C8-477D-9CC5-3D583F6BEBEA}
	EndGlobalSection
EndGlobal
